
Microsoft Visual Studio Solution File, Format Version 12.00
# Visual Studio Version 16
VisualStudioVersion = 16.0.30611.23
MinimumVisualStudioVersion = 10.0.40219.1
Project("{9A19103F-16F7-4668-BE54-9A1E7A4F7556}") = "FmpDataContext", "FmpDataContext.csproj", "{9720CBAD-BC7C-41D1-BA93-D7D2B30E97C3}"
EndProject
Project("{FAE04EC0-301F-11D3-BF4B-00C04F79EFBC}") = "FmpDataConsole", "..\FmpDataConsole\FmpDataConsole.csproj", "{F7106924-D1B5-4409-BDB4-7DE69DD2EE1A}"
EndProject
Global
	GlobalSection(SolutionConfigurationPlatforms) = preSolution
		Debug|Any CPU = Debug|Any CPU
		Release|Any CPU = Release|Any CPU
	EndGlobalSection
	GlobalSection(ProjectConfigurationPlatforms) = postSolution
		{9720CBAD-BC7C-41D1-BA93-D7D2B30E97C3}.Debug|Any CPU.ActiveCfg = Debug|Any CPU
		{9720CBAD-BC7C-41D1-BA93-D7D2B30E97C3}.Debug|Any CPU.Build.0 = Debug|Any CPU
		{9720CBAD-BC7C-41D1-BA93-D7D2B30E97C3}.Release|Any CPU.ActiveCfg = Release|Any CPU
		{9720CBAD-BC7C-41D1-BA93-D7D2B30E97C3}.Release|Any CPU.Build.0 = Release|Any CPU
		{F7106924-D1B5-4409-BDB4-7DE69DD2EE1A}.Debug|Any CPU.ActiveCfg = Debug|Any CPU
		{F7106924-D1B5-4409-BDB4-7DE69DD2EE1A}.Debug|Any CPU.Build.0 = Debug|Any CPU
		{F7106924-D1B5-4409-BDB4-7DE69DD2EE1A}.Release|Any CPU.ActiveCfg = Release|Any CPU
		{F7106924-D1B5-4409-BDB4-7DE69DD2EE1A}.Release|Any CPU.Build.0 = Release|Any CPU
	EndGlobalSection
	GlobalSection(SolutionProperties) = preSolution
		HideSolutionNode = FALSE
	EndGlobalSection
	GlobalSection(ExtensibilityGlobals) = postSolution
		SolutionGuid = {70DBFDE3-D88A-452F-BD64-DBED99E4D08B}
	EndGlobalSection
EndGlobal
